
Microsoft Visual Studio Solution File, Format Version 12.00
# Visual Studio Version 17
VisualStudioVersion = 17.7.34202.233
MinimumVisualStudioVersion = 10.0.40219.1
Project("{2150E333-8FDC-42A3-9474-1A3956D46DE8}") = "src", "src", "{8C968902-F290-4F86-819E-76E720060A2B}"
EndProject
Project("{2150E333-8FDC-42A3-9474-1A3956D46DE8}") = "BuildingBlocks", "BuildingBlocks", "{ACBD0E72-69B3-4554-BA1A-918F38913B10}"
EndProject
Project("{2150E333-8FDC-42A3-9474-1A3956D46DE8}") = "Services", "Services", "{1AE2D4C3-8FF0-495F-9529-BD78625EB6C8}"
EndProject
Project("{2150E333-8FDC-42A3-9474-1A3956D46DE8}") = "Web", "Web", "{60218256-1960-49AC-8A85-C155B3C925BB}"
EndProject
Project("{2150E333-8FDC-42A3-9474-1A3956D46DE8}") = "Identidade", "Identidade", "{FBFBA038-F377-4AA2-9B1F-845E159856AA}"
EndProject
Project("{2150E333-8FDC-42A3-9474-1A3956D46DE8}") = "Core", "Core", "{6D9DCF60-502A-47AC-85F7-ADBC7B746410}"
EndProject
Project("{9A19103F-16F7-4668-BE54-9A1E7A4F7556}") = "MPStore.Core", "src\building blocks\MPStore.Core\MPStore.Core.csproj", "{50F4717E-6CAB-4BCD-9CC4-7C5DD1110E60}"
EndProject
Project("{2150E333-8FDC-42A3-9474-1A3956D46DE8}") = "Services", "Services", "{23865A4D-21B8-42BD-97C1-C88AE10EDF90}"
EndProject
Project("{9A19103F-16F7-4668-BE54-9A1E7A4F7556}") = "MPStore.WebAPI.Core", "src\building blocks\MPStore.WebAPI.Core\MPStore.WebAPI.Core.csproj", "{8FA8494B-EE0F-4069-8A46-2CA9E0828BC3}"
EndProject
Project("{2150E333-8FDC-42A3-9474-1A3956D46DE8}") = "Catalogo", "Catalogo", "{6728F3D5-566D-4FA2-941A-1AFEAB9B3E3F}"
EndProject
Project("{9A19103F-16F7-4668-BE54-9A1E7A4F7556}") = "MPStore.Catalogo.API", "src\services\MPStore.Catalogo.API\MPStore.Catalogo.API.csproj", "{518979B5-D1C8-4930-B28F-5C97716F2217}"
EndProject
Project("{2150E333-8FDC-42A3-9474-1A3956D46DE8}") = "Cliente", "Cliente", "{F8AB5734-6C29-4473-8293-478D30B127A4}"
EndProject
Project("{9A19103F-16F7-4668-BE54-9A1E7A4F7556}") = "MPStore.Cliente.API", "src\services\MPStore.Cliente.API\MPStore.Cliente.API.csproj", "{9E85C9A0-3D92-42B5-A52F-6F0ECB4E99EE}"
EndProject
Project("{2150E333-8FDC-42A3-9474-1A3956D46DE8}") = "MessageBus", "MessageBus", "{F54C964C-5EF8-4477-961F-7833A9E65051}"
EndProject
Project("{9A19103F-16F7-4668-BE54-9A1E7A4F7556}") = "MPStore.Identidade.API", "src\services\MPStore.Identidade.API\MPStore.Identidade.API.csproj", "{88C395BA-DD1F-41D3-8C4E-E48CE84B3015}"
EndProject
Project("{9A19103F-16F7-4668-BE54-9A1E7A4F7556}") = "MPStore.MessageBus", "src\building blocks\MPStore.MessageBus\MPStore.MessageBus.csproj", "{A584E933-49EC-498A-8414-92989D5DB1F4}"
EndProject
Project("{2150E333-8FDC-42A3-9474-1A3956D46DE8}") = "Pedido", "Pedido", "{FD01DFAB-0B18-4491-8038-3A9DBAAE3C81}"
EndProject
Project("{9A19103F-16F7-4668-BE54-9A1E7A4F7556}") = "MPStore.Pedidos.API", "src\services\MPStore.Pedidos.API\MPStore.Pedidos.API.csproj", "{5B3DA47D-BB45-4531-8612-EAB9F557C953}"
EndProject
Project("{9A19103F-16F7-4668-BE54-9A1E7A4F7556}") = "MPStore.Pedidos.Domain", "src\services\MPStore.Pedidos.Domain\MPStore.Pedidos.Domain.csproj", "{4B48341C-F9E2-446B-B12A-4AD2328747F1}"
EndProject
Project("{9A19103F-16F7-4668-BE54-9A1E7A4F7556}") = "MPStore.Pedidos.Infra", "src\services\MPStore.Pedidos.Infra\MPStore.Pedidos.Infra.csproj", "{0E6A9455-84F9-4139-A6FE-9B15F535A859}"
EndProject
Project("{2150E333-8FDC-42A3-9474-1A3956D46DE8}") = "CarrinhoCompras", "CarrinhoCompras", "{6ECB8854-E6A5-477B-8CFE-8B8E9FB3071D}"
EndProject
Project("{9A19103F-16F7-4668-BE54-9A1E7A4F7556}") = "MPStore.CarrinhoCompras.API", "src\services\MPStore.CarrinhoCompras.API\MPStore.CarrinhoCompras.API.csproj", "{C677E38E-ABF7-4F67-98BA-BE8F82B4080F}"
EndProject
Project("{2150E333-8FDC-42A3-9474-1A3956D46DE8}") = "scripts-kubernetes", "scripts-kubernetes", "{695CB8B0-EC59-4A46-AE9D-5718C75F53E8}"
	ProjectSection(SolutionItems) = preProject
		cart-service.yml = cart-service.yml
		catalogo-service.yml = catalogo-service.yml
		cliente-service.yml = cliente-service.yml
		identidade-service.yml = identidade-service.yml
		pedido-service.yml = pedido-service.yml
	EndProjectSection
EndProject
Global
	GlobalSection(SolutionConfigurationPlatforms) = preSolution
		Debug|Any CPU = Debug|Any CPU
		Release|Any CPU = Release|Any CPU
	EndGlobalSection
	GlobalSection(ProjectConfigurationPlatforms) = postSolution
		{50F4717E-6CAB-4BCD-9CC4-7C5DD1110E60}.Debug|Any CPU.ActiveCfg = Debug|Any CPU
		{50F4717E-6CAB-4BCD-9CC4-7C5DD1110E60}.Debug|Any CPU.Build.0 = Debug|Any CPU
		{50F4717E-6CAB-4BCD-9CC4-7C5DD1110E60}.Release|Any CPU.ActiveCfg = Release|Any CPU
		{50F4717E-6CAB-4BCD-9CC4-7C5DD1110E60}.Release|Any CPU.Build.0 = Release|Any CPU
		{8FA8494B-EE0F-4069-8A46-2CA9E0828BC3}.Debug|Any CPU.ActiveCfg = Debug|Any CPU
		{8FA8494B-EE0F-4069-8A46-2CA9E0828BC3}.Debug|Any CPU.Build.0 = Debug|Any CPU
		{8FA8494B-EE0F-4069-8A46-2CA9E0828BC3}.Release|Any CPU.ActiveCfg = Release|Any CPU
		{8FA8494B-EE0F-4069-8A46-2CA9E0828BC3}.Release|Any CPU.Build.0 = Release|Any CPU
		{518979B5-D1C8-4930-B28F-5C97716F2217}.Debug|Any CPU.ActiveCfg = Debug|Any CPU
		{518979B5-D1C8-4930-B28F-5C97716F2217}.Debug|Any CPU.Build.0 = Debug|Any CPU
		{518979B5-D1C8-4930-B28F-5C97716F2217}.Release|Any CPU.ActiveCfg = Release|Any CPU
		{518979B5-D1C8-4930-B28F-5C97716F2217}.Release|Any CPU.Build.0 = Release|Any CPU
		{9E85C9A0-3D92-42B5-A52F-6F0ECB4E99EE}.Debug|Any CPU.ActiveCfg = Debug|Any CPU
		{9E85C9A0-3D92-42B5-A52F-6F0ECB4E99EE}.Debug|Any CPU.Build.0 = Debug|Any CPU
		{9E85C9A0-3D92-42B5-A52F-6F0ECB4E99EE}.Release|Any CPU.ActiveCfg = Release|Any CPU
		{9E85C9A0-3D92-42B5-A52F-6F0ECB4E99EE}.Release|Any CPU.Build.0 = Release|Any CPU
		{88C395BA-DD1F-41D3-8C4E-E48CE84B3015}.Debug|Any CPU.ActiveCfg = Debug|Any CPU
		{88C395BA-DD1F-41D3-8C4E-E48CE84B3015}.Debug|Any CPU.Build.0 = Debug|Any CPU
		{88C395BA-DD1F-41D3-8C4E-E48CE84B3015}.Release|Any CPU.ActiveCfg = Release|Any CPU
		{88C395BA-DD1F-41D3-8C4E-E48CE84B3015}.Release|Any CPU.Build.0 = Release|Any CPU
		{A584E933-49EC-498A-8414-92989D5DB1F4}.Debug|Any CPU.ActiveCfg = Debug|Any CPU
		{A584E933-49EC-498A-8414-92989D5DB1F4}.Debug|Any CPU.Build.0 = Debug|Any CPU
		{A584E933-49EC-498A-8414-92989D5DB1F4}.Release|Any CPU.ActiveCfg = Release|Any CPU
		{A584E933-49EC-498A-8414-92989D5DB1F4}.Release|Any CPU.Build.0 = Release|Any CPU
		{5B3DA47D-BB45-4531-8612-EAB9F557C953}.Debug|Any CPU.ActiveCfg = Debug|Any CPU
		{5B3DA47D-BB45-4531-8612-EAB9F557C953}.Debug|Any CPU.Build.0 = Debug|Any CPU
		{5B3DA47D-BB45-4531-8612-EAB9F557C953}.Release|Any CPU.ActiveCfg = Release|Any CPU
		{5B3DA47D-BB45-4531-8612-EAB9F557C953}.Release|Any CPU.Build.0 = Release|Any CPU
		{4B48341C-F9E2-446B-B12A-4AD2328747F1}.Debug|Any CPU.ActiveCfg = Debug|Any CPU
		{4B48341C-F9E2-446B-B12A-4AD2328747F1}.Debug|Any CPU.Build.0 = Debug|Any CPU
		{4B48341C-F9E2-446B-B12A-4AD2328747F1}.Release|Any CPU.ActiveCfg = Release|Any CPU
		{4B48341C-F9E2-446B-B12A-4AD2328747F1}.Release|Any CPU.Build.0 = Release|Any CPU
		{0E6A9455-84F9-4139-A6FE-9B15F535A859}.Debug|Any CPU.ActiveCfg = Debug|Any CPU
		{0E6A9455-84F9-4139-A6FE-9B15F535A859}.Debug|Any CPU.Build.0 = Debug|Any CPU
		{0E6A9455-84F9-4139-A6FE-9B15F535A859}.Release|Any CPU.ActiveCfg = Release|Any CPU
		{0E6A9455-84F9-4139-A6FE-9B15F535A859}.Release|Any CPU.Build.0 = Release|Any CPU
		{C677E38E-ABF7-4F67-98BA-BE8F82B4080F}.Debug|Any CPU.ActiveCfg = Debug|Any CPU
		{C677E38E-ABF7-4F67-98BA-BE8F82B4080F}.Debug|Any CPU.Build.0 = Debug|Any CPU
		{C677E38E-ABF7-4F67-98BA-BE8F82B4080F}.Release|Any CPU.ActiveCfg = Release|Any CPU
		{C677E38E-ABF7-4F67-98BA-BE8F82B4080F}.Release|Any CPU.Build.0 = Release|Any CPU
	EndGlobalSection
	GlobalSection(SolutionProperties) = preSolution
		HideSolutionNode = FALSE
	EndGlobalSection
	GlobalSection(NestedProjects) = preSolution
		{ACBD0E72-69B3-4554-BA1A-918F38913B10} = {8C968902-F290-4F86-819E-76E720060A2B}
		{1AE2D4C3-8FF0-495F-9529-BD78625EB6C8} = {8C968902-F290-4F86-819E-76E720060A2B}
		{60218256-1960-49AC-8A85-C155B3C925BB} = {8C968902-F290-4F86-819E-76E720060A2B}
		{FBFBA038-F377-4AA2-9B1F-845E159856AA} = {1AE2D4C3-8FF0-495F-9529-BD78625EB6C8}
		{6D9DCF60-502A-47AC-85F7-ADBC7B746410} = {ACBD0E72-69B3-4554-BA1A-918F38913B10}
		{50F4717E-6CAB-4BCD-9CC4-7C5DD1110E60} = {6D9DCF60-502A-47AC-85F7-ADBC7B746410}
		{23865A4D-21B8-42BD-97C1-C88AE10EDF90} = {ACBD0E72-69B3-4554-BA1A-918F38913B10}
		{8FA8494B-EE0F-4069-8A46-2CA9E0828BC3} = {23865A4D-21B8-42BD-97C1-C88AE10EDF90}
		{6728F3D5-566D-4FA2-941A-1AFEAB9B3E3F} = {1AE2D4C3-8FF0-495F-9529-BD78625EB6C8}
		{518979B5-D1C8-4930-B28F-5C97716F2217} = {6728F3D5-566D-4FA2-941A-1AFEAB9B3E3F}
		{F8AB5734-6C29-4473-8293-478D30B127A4} = {1AE2D4C3-8FF0-495F-9529-BD78625EB6C8}
		{9E85C9A0-3D92-42B5-A52F-6F0ECB4E99EE} = {F8AB5734-6C29-4473-8293-478D30B127A4}
		{F54C964C-5EF8-4477-961F-7833A9E65051} = {ACBD0E72-69B3-4554-BA1A-918F38913B10}
		{88C395BA-DD1F-41D3-8C4E-E48CE84B3015} = {FBFBA038-F377-4AA2-9B1F-845E159856AA}
		{A584E933-49EC-498A-8414-92989D5DB1F4} = {F54C964C-5EF8-4477-961F-7833A9E65051}
		{FD01DFAB-0B18-4491-8038-3A9DBAAE3C81} = {1AE2D4C3-8FF0-495F-9529-BD78625EB6C8}
		{5B3DA47D-BB45-4531-8612-EAB9F557C953} = {FD01DFAB-0B18-4491-8038-3A9DBAAE3C81}
		{4B48341C-F9E2-446B-B12A-4AD2328747F1} = {FD01DFAB-0B18-4491-8038-3A9DBAAE3C81}
		{0E6A9455-84F9-4139-A6FE-9B15F535A859} = {FD01DFAB-0B18-4491-8038-3A9DBAAE3C81}
		{6ECB8854-E6A5-477B-8CFE-8B8E9FB3071D} = {1AE2D4C3-8FF0-495F-9529-BD78625EB6C8}
		{C677E38E-ABF7-4F67-98BA-BE8F82B4080F} = {6ECB8854-E6A5-477B-8CFE-8B8E9FB3071D}
	EndGlobalSection
	GlobalSection(ExtensibilityGlobals) = postSolution
		SolutionGuid = {888E519B-F13E-479A-BA0B-0AFEAB671777}
	EndGlobalSection
EndGlobal
